
Microsoft Visual Studio Solution File, Format Version 12.00
# Visual Studio Version 16
VisualStudioVersion = 16.0.31613.86
MinimumVisualStudioVersion = 10.0.40219.1
Project("{00D1A9C2-B5F0-4AF3-8072-F6C62B433612}") = "SQLDBorac1", "SQLDBorac1\SQLDBorac1.sqlproj", "{8769CC9B-9F09-4174-9D37-AFBDEA4FB4DF}"
EndProject
Global
	GlobalSection(SolutionConfigurationPlatforms) = preSolution
		Debug|Any CPU = Debug|Any CPU
		Release|Any CPU = Release|Any CPU
	EndGlobalSection
	GlobalSection(ProjectConfigurationPlatforms) = postSolution
		{8769CC9B-9F09-4174-9D37-AFBDEA4FB4DF}.Debug|Any CPU.ActiveCfg = Debug|Any CPU
		{8769CC9B-9F09-4174-9D37-AFBDEA4FB4DF}.Debug|Any CPU.Build.0 = Debug|Any CPU
		{8769CC9B-9F09-4174-9D37-AFBDEA4FB4DF}.Debug|Any CPU.Deploy.0 = Debug|Any CPU
		{8769CC9B-9F09-4174-9D37-AFBDEA4FB4DF}.Release|Any CPU.ActiveCfg = Release|Any CPU
		{8769CC9B-9F09-4174-9D37-AFBDEA4FB4DF}.Release|Any CPU.Build.0 = Release|Any CPU
		{8769CC9B-9F09-4174-9D37-AFBDEA4FB4DF}.Release|Any CPU.Deploy.0 = Release|Any CPU
	EndGlobalSection
	GlobalSection(SolutionProperties) = preSolution
		HideSolutionNode = FALSE
	EndGlobalSection
	GlobalSection(ExtensibilityGlobals) = postSolution
		SolutionGuid = {64C203F6-CB17-4DAE-BAA3-4A853EF6563B}
	EndGlobalSection
EndGlobal
