
Microsoft Visual Studio Solution File, Format Version 12.00
# Visual Studio Version 16
VisualStudioVersion = 16.0.31613.86
MinimumVisualStudioVersion = 10.0.40219.1
Project("{FAE04EC0-301F-11D3-BF4B-00C04F79EFBC}") = "FormPrac1", "FormPrac1\FormPrac1.csproj", "{E1FC74D7-E2E4-47AA-BA55-901F82C68C13}"
EndProject
Global
	GlobalSection(SolutionConfigurationPlatforms) = preSolution
		Debug|Any CPU = Debug|Any CPU
		Release|Any CPU = Release|Any CPU
	EndGlobalSection
	GlobalSection(ProjectConfigurationPlatforms) = postSolution
		{E1FC74D7-E2E4-47AA-BA55-901F82C68C13}.Debug|Any CPU.ActiveCfg = Debug|Any CPU
		{E1FC74D7-E2E4-47AA-BA55-901F82C68C13}.Debug|Any CPU.Build.0 = Debug|Any CPU
		{E1FC74D7-E2E4-47AA-BA55-901F82C68C13}.Release|Any CPU.ActiveCfg = Release|Any CPU
		{E1FC74D7-E2E4-47AA-BA55-901F82C68C13}.Release|Any CPU.Build.0 = Release|Any CPU
	EndGlobalSection
	GlobalSection(SolutionProperties) = preSolution
		HideSolutionNode = FALSE
	EndGlobalSection
	GlobalSection(ExtensibilityGlobals) = postSolution
		SolutionGuid = {B11D5123-A703-496F-8A6F-DFB90D4153D5}
	EndGlobalSection
EndGlobal
